
Microsoft Visual Studio Solution File, Format Version 12.00
# Visual Studio Version 17
VisualStudioVersion = 17.6.33829.357
MinimumVisualStudioVersion = 10.0.40219.1
Project("{FAE04EC0-301F-11D3-BF4B-00C04F79EFBC}") = "02DataTypes", "02DataTypes\02DataTypes.csproj", "{ED6C4DCF-D2D1-4CD4-9E29-301661938E84}"
EndProject
Global
	GlobalSection(SolutionConfigurationPlatforms) = preSolution
		Debug|Any CPU = Debug|Any CPU
		Release|Any CPU = Release|Any CPU
	EndGlobalSection
	GlobalSection(ProjectConfigurationPlatforms) = postSolution
		{ED6C4DCF-D2D1-4CD4-9E29-301661938E84}.Debug|Any CPU.ActiveCfg = Debug|Any CPU
		{ED6C4DCF-D2D1-4CD4-9E29-301661938E84}.Debug|Any CPU.Build.0 = Debug|Any CPU
		{ED6C4DCF-D2D1-4CD4-9E29-301661938E84}.Release|Any CPU.ActiveCfg = Release|Any CPU
		{ED6C4DCF-D2D1-4CD4-9E29-301661938E84}.Release|Any CPU.Build.0 = Release|Any CPU
	EndGlobalSection
	GlobalSection(SolutionProperties) = preSolution
		HideSolutionNode = FALSE
	EndGlobalSection
	GlobalSection(ExtensibilityGlobals) = postSolution
		SolutionGuid = {022E0F81-887C-4C1F-BA9F-3568E52530EE}
	EndGlobalSection
EndGlobal
