
Microsoft Visual Studio Solution File, Format Version 12.00
# Visual Studio Version 17
VisualStudioVersion = 17.6.33829.357
MinimumVisualStudioVersion = 10.0.40219.1
Project("{FAE04EC0-301F-11D3-BF4B-00C04F79EFBC}") = "06ForLoop", "06ForLoop\06ForLoop.csproj", "{8A14127F-42CB-45D6-958B-312179A8A7F8}"
EndProject
Global
	GlobalSection(SolutionConfigurationPlatforms) = preSolution
		Debug|Any CPU = Debug|Any CPU
		Release|Any CPU = Release|Any CPU
	EndGlobalSection
	GlobalSection(ProjectConfigurationPlatforms) = postSolution
		{8A14127F-42CB-45D6-958B-312179A8A7F8}.Debug|Any CPU.ActiveCfg = Debug|Any CPU
		{8A14127F-42CB-45D6-958B-312179A8A7F8}.Debug|Any CPU.Build.0 = Debug|Any CPU
		{8A14127F-42CB-45D6-958B-312179A8A7F8}.Release|Any CPU.ActiveCfg = Release|Any CPU
		{8A14127F-42CB-45D6-958B-312179A8A7F8}.Release|Any CPU.Build.0 = Release|Any CPU
	EndGlobalSection
	GlobalSection(SolutionProperties) = preSolution
		HideSolutionNode = FALSE
	EndGlobalSection
	GlobalSection(ExtensibilityGlobals) = postSolution
		SolutionGuid = {F42E4458-82FA-49EF-AFE2-09B75385D6E0}
	EndGlobalSection
EndGlobal
