
Microsoft Visual Studio Solution File, Format Version 12.00
# Visual Studio Version 17
VisualStudioVersion = 17.6.33829.357
MinimumVisualStudioVersion = 10.0.40219.1
Project("{FAE04EC0-301F-11D3-BF4B-00C04F79EFBC}") = "03Sample", "03Sample\03Sample.csproj", "{ECA594B9-C9E7-4EE5-A63F-8BA679E26ECF}"
EndProject
Global
	GlobalSection(SolutionConfigurationPlatforms) = preSolution
		Debug|Any CPU = Debug|Any CPU
		Release|Any CPU = Release|Any CPU
	EndGlobalSection
	GlobalSection(ProjectConfigurationPlatforms) = postSolution
		{ECA594B9-C9E7-4EE5-A63F-8BA679E26ECF}.Debug|Any CPU.ActiveCfg = Debug|Any CPU
		{ECA594B9-C9E7-4EE5-A63F-8BA679E26ECF}.Debug|Any CPU.Build.0 = Debug|Any CPU
		{ECA594B9-C9E7-4EE5-A63F-8BA679E26ECF}.Release|Any CPU.ActiveCfg = Release|Any CPU
		{ECA594B9-C9E7-4EE5-A63F-8BA679E26ECF}.Release|Any CPU.Build.0 = Release|Any CPU
	EndGlobalSection
	GlobalSection(SolutionProperties) = preSolution
		HideSolutionNode = FALSE
	EndGlobalSection
	GlobalSection(ExtensibilityGlobals) = postSolution
		SolutionGuid = {290B9A22-3156-45EE-B193-BF878ED1C7B3}
	EndGlobalSection
EndGlobal
