
Microsoft Visual Studio Solution File, Format Version 12.00
# Visual Studio Version 17
VisualStudioVersion = 17.6.33829.357
MinimumVisualStudioVersion = 10.0.40219.1
Project("{FAE04EC0-301F-11D3-BF4B-00C04F79EFBC}") = "02StudentPercent", "02StudentPercent\02StudentPercent.csproj", "{515103EB-711A-4F51-8A5A-DBFD700F48C5}"
EndProject
Global
	GlobalSection(SolutionConfigurationPlatforms) = preSolution
		Debug|Any CPU = Debug|Any CPU
		Release|Any CPU = Release|Any CPU
	EndGlobalSection
	GlobalSection(ProjectConfigurationPlatforms) = postSolution
		{515103EB-711A-4F51-8A5A-DBFD700F48C5}.Debug|Any CPU.ActiveCfg = Debug|Any CPU
		{515103EB-711A-4F51-8A5A-DBFD700F48C5}.Debug|Any CPU.Build.0 = Debug|Any CPU
		{515103EB-711A-4F51-8A5A-DBFD700F48C5}.Release|Any CPU.ActiveCfg = Release|Any CPU
		{515103EB-711A-4F51-8A5A-DBFD700F48C5}.Release|Any CPU.Build.0 = Release|Any CPU
	EndGlobalSection
	GlobalSection(SolutionProperties) = preSolution
		HideSolutionNode = FALSE
	EndGlobalSection
	GlobalSection(ExtensibilityGlobals) = postSolution
		SolutionGuid = {DF346CE0-213D-4EEA-8AA0-7BEF69DD315F}
	EndGlobalSection
EndGlobal
