
Microsoft Visual Studio Solution File, Format Version 12.00
# Visual Studio Version 17
VisualStudioVersion = 17.6.33829.357
MinimumVisualStudioVersion = 10.0.40219.1
Project("{FAE04EC0-301F-11D3-BF4B-00C04F79EFBC}") = "02Read_Sample", "02Read_Sample\02Read_Sample.csproj", "{35874C88-625F-4C65-BB2C-1DB7631EDE8A}"
EndProject
Global
	GlobalSection(SolutionConfigurationPlatforms) = preSolution
		Debug|Any CPU = Debug|Any CPU
		Release|Any CPU = Release|Any CPU
	EndGlobalSection
	GlobalSection(ProjectConfigurationPlatforms) = postSolution
		{35874C88-625F-4C65-BB2C-1DB7631EDE8A}.Debug|Any CPU.ActiveCfg = Debug|Any CPU
		{35874C88-625F-4C65-BB2C-1DB7631EDE8A}.Debug|Any CPU.Build.0 = Debug|Any CPU
		{35874C88-625F-4C65-BB2C-1DB7631EDE8A}.Release|Any CPU.ActiveCfg = Release|Any CPU
		{35874C88-625F-4C65-BB2C-1DB7631EDE8A}.Release|Any CPU.Build.0 = Release|Any CPU
	EndGlobalSection
	GlobalSection(SolutionProperties) = preSolution
		HideSolutionNode = FALSE
	EndGlobalSection
	GlobalSection(ExtensibilityGlobals) = postSolution
		SolutionGuid = {DC3E85FF-6A3C-4A23-87BA-20289487D7CF}
	EndGlobalSection
EndGlobal
