
Microsoft Visual Studio Solution File, Format Version 12.00
# Visual Studio Version 17
VisualStudioVersion = 17.6.33829.357
MinimumVisualStudioVersion = 10.0.40219.1
Project("{FAE04EC0-301F-11D3-BF4B-00C04F79EFBC}") = "CallbackFunction", "CallbackFunction\CallbackFunction.csproj", "{C3AE7DAC-4A01-4036-B86A-4FD30DB8FC83}"
EndProject
Global
	GlobalSection(SolutionConfigurationPlatforms) = preSolution
		Debug|Any CPU = Debug|Any CPU
		Release|Any CPU = Release|Any CPU
	EndGlobalSection
	GlobalSection(ProjectConfigurationPlatforms) = postSolution
		{C3AE7DAC-4A01-4036-B86A-4FD30DB8FC83}.Debug|Any CPU.ActiveCfg = Debug|Any CPU
		{C3AE7DAC-4A01-4036-B86A-4FD30DB8FC83}.Debug|Any CPU.Build.0 = Debug|Any CPU
		{C3AE7DAC-4A01-4036-B86A-4FD30DB8FC83}.Release|Any CPU.ActiveCfg = Release|Any CPU
		{C3AE7DAC-4A01-4036-B86A-4FD30DB8FC83}.Release|Any CPU.Build.0 = Release|Any CPU
	EndGlobalSection
	GlobalSection(SolutionProperties) = preSolution
		HideSolutionNode = FALSE
	EndGlobalSection
	GlobalSection(ExtensibilityGlobals) = postSolution
		SolutionGuid = {AAF30CFA-5CE2-4B4D-BF95-07108F19B914}
	EndGlobalSection
EndGlobal
