
Microsoft Visual Studio Solution File, Format Version 12.00
# Visual Studio Version 17
VisualStudioVersion = 17.6.33829.357
MinimumVisualStudioVersion = 10.0.40219.1
Project("{FAE04EC0-301F-11D3-BF4B-00C04F79EFBC}") = "05WhileLoop", "05WhileLoop\05WhileLoop.csproj", "{354C3635-2431-4271-9297-1976B145A741}"
EndProject
Global
	GlobalSection(SolutionConfigurationPlatforms) = preSolution
		Debug|Any CPU = Debug|Any CPU
		Release|Any CPU = Release|Any CPU
	EndGlobalSection
	GlobalSection(ProjectConfigurationPlatforms) = postSolution
		{354C3635-2431-4271-9297-1976B145A741}.Debug|Any CPU.ActiveCfg = Debug|Any CPU
		{354C3635-2431-4271-9297-1976B145A741}.Debug|Any CPU.Build.0 = Debug|Any CPU
		{354C3635-2431-4271-9297-1976B145A741}.Release|Any CPU.ActiveCfg = Release|Any CPU
		{354C3635-2431-4271-9297-1976B145A741}.Release|Any CPU.Build.0 = Release|Any CPU
	EndGlobalSection
	GlobalSection(SolutionProperties) = preSolution
		HideSolutionNode = FALSE
	EndGlobalSection
	GlobalSection(ExtensibilityGlobals) = postSolution
		SolutionGuid = {66C607DA-331D-453E-9CA7-F719A1C1B5AB}
	EndGlobalSection
EndGlobal
